
Microsoft Visual Studio Solution File, Format Version 12.00
# Visual Studio Version 17
VisualStudioVersion = 17.0.32112.339
MinimumVisualStudioVersion = 10.0.40219.1
Project("{FAE04EC0-301F-11D3-BF4B-00C04F79EFBC}") = "Acrolinx.Demo.Sidebar", "Acrolinx.Demo.Sidebar\Acrolinx.Demo.Sidebar.csproj", "{41FA1FDD-2E94-45D4-808F-DC8E611F3DEE}"
EndProject
Global
	GlobalSection(SolutionConfigurationPlatforms) = preSolution
		Debug|Any CPU = Debug|Any CPU
		Release|Any CPU = Release|Any CPU
	EndGlobalSection
	GlobalSection(ProjectConfigurationPlatforms) = postSolution
		{41FA1FDD-2E94-45D4-808F-DC8E611F3DEE}.Debug|Any CPU.ActiveCfg = Debug|Any CPU
		{41FA1FDD-2E94-45D4-808F-DC8E611F3DEE}.Debug|Any CPU.Build.0 = Debug|Any CPU
		{41FA1FDD-2E94-45D4-808F-DC8E611F3DEE}.Release|Any CPU.ActiveCfg = Release|Any CPU
		{41FA1FDD-2E94-45D4-808F-DC8E611F3DEE}.Release|Any CPU.Build.0 = Release|Any CPU
	EndGlobalSection
	GlobalSection(SolutionProperties) = preSolution
		HideSolutionNode = FALSE
	EndGlobalSection
	GlobalSection(ExtensibilityGlobals) = postSolution
		SolutionGuid = {5EEDE01A-D53F-4BEA-989A-F058405F63E6}
	EndGlobalSection
EndGlobal
